{
  "name": "@ingageco/capacitor-label-printer",
  "version": "0.0.2",
  "lockfileVersion": 3,
  "requires": true,
  "packages": {
    "": {
      "name": "@ingageco/capacitor-label-printer",
      "version": "0.0.2",
      "license": "MIT",
      "engines": {
        "android-sdk": ">=26",
        "apple-ios": ">=10.0.0",
        "cordova": ">=3.6.0",
        "cordova-android": ">=6.0.0"
      }
    }
  }
}
